{
    "hash": "ddc5f092f33f342d0f5f2c33ce0167ca",
    "packages": [
        {
            "package": "simonhamp/routes",
            "version": "0.1"
        },
        {
            "package": "smarty/smarty",
            "version": "3.1.8"
        },
        {
            "package": "symfony/yaml",
            "version": "dev-master",
            "alias-pretty-version": "2.1.x-dev",
            "alias-version": "2.1.9999999.9999999-dev"
        },
        {
            "package": "symfony/yaml",
            "version": "dev-master",
            "source-reference": "8272d98f8087878db37e8e5f6d4e37c5cc783dc3"
        }
    ],
    "packages-dev": null,
    "aliases": [

    ],
    "minimum-stability": "dev",
    "stability-flags": [

    ]
}
