{
    "hash": "e2a5348b681d89a6247324d6ae14c288",
    "packages": [
        {
            "package": "simonhamp/routes",
            "version": "0.1"
        },
        {
            "package": "smarty/smarty",
            "version": "3.1.8"
        },
        {
            "package": "symfony/yaml",
            "version": "dev-master",
            "alias-pretty-version": "2.1.x-dev",
            "alias-version": "2.1.9999999.9999999-dev"
        },
        {
            "package": "symfony/yaml",
            "version": "dev-master",
            "source-reference": "v2.1.0-BETA1"
        }
    ],
    "packages-dev": null,
    "aliases": [

    ],
    "minimum-stability": "dev",
    "stability-flags": [

    ]
}
