{
    "hash": "9a2e94753cb8ceca94f056c919e65272",
    "packages": [
        {
            "name": "simonhamp/routes",
            "version": "0.1",
            "source": {
                "type": "git",
                "url": "https://github.com/simonhamp/routes",
                "reference": "master"
            },
            "dist": {
                "type": "zip",
                "url": "https://github.com/simonhamp/routes/zipball/master",
                "reference": null,
                "shasum": null
            },
            "type": "library",
            "installation-source": "dist"
        },
        {
            "name": "smarty/smarty",
            "version": "v3.1.11",
            "source": {
                "type": "svn",
                "url": "http://smarty-php.googlecode.com/svn",
                "reference": "/tags/v3.1.11/@4636"
            },
            "require": {
                "php": ">=5.2"
            },
            "time": "2012-07-02 17:17:26",
            "type": "library",
            "installation-source": "source",
            "autoload": {
                "classmap": [
                    "distribution/libs/Smarty.class.php"
                ]
            },
            "license": [
                "LGPL-3.0"
            ],
            "authors": [
                {
                    "name": "Monte Ohrt",
                    "email": "monte@ohrt.com"
                },
                {
                    "name": "Uwe Tews",
                    "email": "uwe.tews@googlemail.com"
                },
                {
                    "name": "Rodney Rehm",
                    "email": "rodney.rehm@medialize.de"
                }
            ],
            "description": "Smarty - the compiling PHP template engine",
            "homepage": "http://www.smarty.net",
            "keywords": [
                "templating"
            ]
        },
        {
            "name": "symfony/yaml",
            "version": "v2.0.17",
            "target-dir": "Symfony/Component/Yaml",
            "source": {
                "type": "git",
                "url": "https://github.com/symfony/Yaml",
                "reference": "v2.0.17"
            },
            "dist": {
                "type": "zip",
                "url": "https://github.com/symfony/Yaml/zipball/v2.0.17",
                "reference": "v2.0.17",
                "shasum": ""
            },
            "require": {
                "php": ">=5.3.2"
            },
            "time": "2012-07-09 12:43:50",
            "type": "library",
            "installation-source": "dist",
            "autoload": {
                "psr-0": {
                    "Symfony\\Component\\Yaml": ""
                }
            },
            "license": [
                "MIT"
            ],
            "authors": [
                {
                    "name": "Fabien Potencier",
                    "email": "fabien@symfony.com"
                },
                {
                    "name": "Symfony Community",
                    "homepage": "http://symfony.com/contributors"
                }
            ],
            "description": "Symfony Yaml Component",
            "homepage": "http://symfony.com"
        }
    ],
    "packages-dev": null,
    "aliases": [

    ],
    "minimum-stability": "stable",
    "stability-flags": [

    ]
}
